
Microsoft Visual Studio Solution File, Format Version 12.00
# Visual Studio Version 17
VisualStudioVersion = 17.1.31903.286
MinimumVisualStudioVersion = 10.0.40219.1
Project("{9A19103F-16F7-4668-BE54-9A1E7A4F7556}") = "OverloadResolutionRepro", "src\OverloadResolutionRepro.csproj", "{8E7F39D7-8E11-4E11-97AF-8669A97B498C}"
EndProject
Global
	GlobalSection(SolutionConfigurationPlatforms) = preSolution
		Debug|Any CPU = Debug|Any CPU
		Release|Any CPU = Release|Any CPU
	EndGlobalSection
	GlobalSection(ProjectConfigurationPlatforms) = postSolution
		{8E7F39D7-8E11-4E11-97AF-8669A97B498C}.Debug|Any CPU.ActiveCfg = Debug|Any CPU
		{8E7F39D7-8E11-4E11-97AF-8669A97B498C}.Debug|Any CPU.Build.0 = Debug|Any CPU
		{8E7F39D7-8E11-4E11-97AF-8669A97B498C}.Release|Any CPU.ActiveCfg = Release|Any CPU
		{8E7F39D7-8E11-4E11-97AF-8669A97B498C}.Release|Any CPU.Build.0 = Release|Any CPU
	EndGlobalSection
	GlobalSection(SolutionProperties) = preSolution
		HideSolutionNode = FALSE
	EndGlobalSection
	GlobalSection(ExtensibilityGlobals) = postSolution
		SolutionGuid = {7A76E21B-5855-4DA7-AAAE-4EBEE631CB3A}
	EndGlobalSection
EndGlobal
